
Microsoft Visual Studio Solution File, Format Version 12.00
# Visual Studio Version 16
VisualStudioVersion = 16.0.31911.196
MinimumVisualStudioVersion = 10.0.40219.1
Project("{888888A0-9F3D-457C-B088-3A5042F75D52}") = "AutoCreatingWorkRecords", "AutoCreatingWorkRecords\AutoCreatingWorkRecords.pyproj", "{DE3E99AA-30AF-47DB-88D0-0287925DEAD3}"
EndProject
Global
	GlobalSection(SolutionConfigurationPlatforms) = preSolution
		Debug|Any CPU = Debug|Any CPU
		Release|Any CPU = Release|Any CPU
	EndGlobalSection
	GlobalSection(ProjectConfigurationPlatforms) = postSolution
		{DE3E99AA-30AF-47DB-88D0-0287925DEAD3}.Debug|Any CPU.ActiveCfg = Debug|Any CPU
		{DE3E99AA-30AF-47DB-88D0-0287925DEAD3}.Release|Any CPU.ActiveCfg = Release|Any CPU
	EndGlobalSection
	GlobalSection(SolutionProperties) = preSolution
		HideSolutionNode = FALSE
	EndGlobalSection
	GlobalSection(ExtensibilityGlobals) = postSolution
		SolutionGuid = {B5469AD4-E8EA-42DB-A9D3-086067106573}
	EndGlobalSection
EndGlobal
